// !$*UTF8*$!
{
	archiveVersion = 1;
	classes = {
	};
	objectVersion = 50;
	objects = {

/* Begin PBXBuildFile section */
		18E8800022DF87B600E2DCB9 /* AppDelegate.swift in Sources */ = {isa = PBXBuildFile; fileRef = 18E87FFF22DF87B600E2DCB9 /* AppDelegate.swift */; };
		18E8800222DF87B600E2DCB9 /* ViewController.swift in Sources */ = {isa = PBXBuildFile; fileRef = 18E8800122DF87B600E2DCB9 /* ViewController.swift */; };
		18E8800522DF87B600E2DCB9 /* Main.storyboard in Resources */ = {isa = PBXBuildFile; fileRef = 18E8800322DF87B600E2DCB9 /* Main.storyboard */; };
		18E8800822DF87B600E2DCB9 /* finalProject.xcdatamodeld in Sources */ = {isa = PBXBuildFile; fileRef = 18E8800622DF87B600E2DCB9 /* finalProject.xcdatamodeld */; };
		18E8800A22DF87B700E2DCB9 /* Assets.xcassets in Resources */ = {isa = PBXBuildFile; fileRef = 18E8800922DF87B700E2DCB9 /* Assets.xcassets */; };
		18E8800D22DF87B700E2DCB9 /* LaunchScreen.storyboard in Resources */ = {isa = PBXBuildFile; fileRef = 18E8800B22DF87B700E2DCB9 /* LaunchScreen.storyboard */; };
		18E8801522DF954500E2DCB9 /* basicTour.swift in Sources */ = {isa = PBXBuildFile; fileRef = 18E8801422DF954500E2DCB9 /* basicTour.swift */; };
		18EC916422DFB8C90089E0C3 /* embeddedMapViewController.swift in Sources */ = {isa = PBXBuildFile; fileRef = 18EC916322DFB8C90089E0C3 /* embeddedMapViewController.swift */; };
		18EC916A22DFD11B0089E0C3 /* Tour1TableViewController.swift in Sources */ = {isa = PBXBuildFile; fileRef = 18EC916922DFD11B0089E0C3 /* Tour1TableViewController.swift */; };
		18EC916C22DFD16B0089E0C3 /* TourStop.swift in Sources */ = {isa = PBXBuildFile; fileRef = 18EC916B22DFD16B0089E0C3 /* TourStop.swift */; };
/* End PBXBuildFile section */

/* Begin PBXFileReference section */
		18E87FFC22DF87B600E2DCB9 /* finalProject.app */ = {isa = PBXFileReference; explicitFileType = wrapper.application; includeInIndex = 0; path = finalProject.app; sourceTree = BUILT_PRODUCTS_DIR; };
		18E87FFF22DF87B600E2DCB9 /* AppDelegate.swift */ = {isa = PBXFileReference; lastKnownFileType = sourcecode.swift; path = AppDelegate.swift; sourceTree = "<group>"; };
		18E8800122DF87B600E2DCB9 /* ViewController.swift */ = {isa = PBXFileReference; lastKnownFileType = sourcecode.swift; path = ViewController.swift; sourceTree = "<group>"; };
		18E8800422DF87B600E2DCB9 /* Base */ = {isa = PBXFileReference; lastKnownFileType = file.storyboard; name = Base; path = Base.lproj/Main.storyboard; sourceTree = "<group>"; };
		18E8800722DF87B600E2DCB9 /* finalProject.xcdatamodel */ = {isa = PBXFileReference; lastKnownFileType = wrapper.xcdatamodel; path = finalProject.xcdatamodel; sourceTree = "<group>"; };
		18E8800922DF87B700E2DCB9 /* Assets.xcassets */ = {isa = PBXFileReference; lastKnownFileType = folder.assetcatalog; path = Assets.xcassets; sourceTree = "<group>"; };
		18E8800C22DF87B700E2DCB9 /* Base */ = {isa = PBXFileReference; lastKnownFileType = file.storyboard; name = Base; path = Base.lproj/LaunchScreen.storyboard; sourceTree = "<group>"; };
		18E8800E22DF87B700E2DCB9 /* Info.plist */ = {isa = PBXFileReference; lastKnownFileType = text.plist.xml; path = Info.plist; sourceTree = "<group>"; };
		18E8801422DF954500E2DCB9 /* basicTour.swift */ = {isa = PBXFileReference; lastKnownFileType = sourcecode.swift; path = basicTour.swift; sourceTree = "<group>"; };
		18EC916322DFB8C90089E0C3 /* embeddedMapViewController.swift */ = {isa = PBXFileReference; lastKnownFileType = sourcecode.swift; path = embeddedMapViewController.swift; sourceTree = "<group>"; };
		18EC916922DFD11B0089E0C3 /* Tour1TableViewController.swift */ = {isa = PBXFileReference; lastKnownFileType = sourcecode.swift; path = Tour1TableViewController.swift; sourceTree = "<group>"; };
		18EC916B22DFD16B0089E0C3 /* TourStop.swift */ = {isa = PBXFileReference; lastKnownFileType = sourcecode.swift; path = TourStop.swift; sourceTree = "<group>"; };
/* End PBXFileReference section */

/* Begin PBXFrameworksBuildPhase section */
		18E87FF922DF87B600E2DCB9 /* Frameworks */ = {
			isa = PBXFrameworksBuildPhase;
			buildActionMask = 2147483647;
			files = (
			);
			runOnlyForDeploymentPostprocessing = 0;
		};
/* End PBXFrameworksBuildPhase section */

/* Begin PBXGroup section */
		18E87FF322DF87B600E2DCB9 = {
			isa = PBXGroup;
			children = (
				18E87FFE22DF87B600E2DCB9 /* finalProject */,
				18E87FFD22DF87B600E2DCB9 /* Products */,
			);
			sourceTree = "<group>";
		};
		18E87FFD22DF87B600E2DCB9 /* Products */ = {
			isa = PBXGroup;
			children = (
				18E87FFC22DF87B600E2DCB9 /* finalProject.app */,
			);
			name = Products;
			sourceTree = "<group>";
		};
		18E87FFE22DF87B600E2DCB9 /* finalProject */ = {
			isa = PBXGroup;
			children = (
				18E87FFF22DF87B600E2DCB9 /* AppDelegate.swift */,
				18E8800122DF87B600E2DCB9 /* ViewController.swift */,
				18E8800322DF87B600E2DCB9 /* Main.storyboard */,
				18EC916322DFB8C90089E0C3 /* embeddedMapViewController.swift */,
				18E8801422DF954500E2DCB9 /* basicTour.swift */,
				18E8800922DF87B700E2DCB9 /* Assets.xcassets */,
				18E8800B22DF87B700E2DCB9 /* LaunchScreen.storyboard */,
				18E8800E22DF87B700E2DCB9 /* Info.plist */,
				18E8800622DF87B600E2DCB9 /* finalProject.xcdatamodeld */,
				18EC916922DFD11B0089E0C3 /* Tour1TableViewController.swift */,
				18EC916B22DFD16B0089E0C3 /* TourStop.swift */,
			);
			path = finalProject;
			sourceTree = "<group>";
		};
/* End PBXGroup section */

/* Begin PBXNativeTarget section */
		18E87FFB22DF87B600E2DCB9 /* finalProject */ = {
			isa = PBXNativeTarget;
			buildConfigurationList = 18E8801122DF87B700E2DCB9 /* Build configuration list for PBXNativeTarget "finalProject" */;
			buildPhases = (
				18E87FF822DF87B600E2DCB9 /* Sources */,
				18E87FF922DF87B600E2DCB9 /* Frameworks */,
				18E87FFA22DF87B600E2DCB9 /* Resources */,
			);
			buildRules = (
			);
			dependencies = (
			);
			name = finalProject;
			productName = finalProject;
			productReference = 18E87FFC22DF87B600E2DCB9 /* finalProject.app */;
			productType = "com.apple.product-type.application";
		};
/* End PBXNativeTarget section */

/* Begin PBXProject section */
		18E87FF422DF87B600E2DCB9 /* Project object */ = {
			isa = PBXProject;
			attributes = {
				LastSwiftUpdateCheck = 1020;
				LastUpgradeCheck = 1020;
				ORGANIZATIONNAME = Apple;
				TargetAttributes = {
					18E87FFB22DF87B600E2DCB9 = {
						CreatedOnToolsVersion = 10.2.1;
					};
				};
			};
			buildConfigurationList = 18E87FF722DF87B600E2DCB9 /* Build configuration list for PBXProject "finalProject" */;
			compatibilityVersion = "Xcode 9.3";
			developmentRegion = en;
			hasScannedForEncodings = 0;
			knownRegions = (
				en,
				Base,
			);
			mainGroup = 18E87FF322DF87B600E2DCB9;
			productRefGroup = 18E87FFD22DF87B600E2DCB9 /* Products */;
			projectDirPath = "";
			projectRoot = "";
			targets = (
				18E87FFB22DF87B600E2DCB9 /* finalProject */,
			);
		};
/* End PBXProject section */

/* Begin PBXResourcesBuildPhase section */
		18E87FFA22DF87B600E2DCB9 /* Resources */ = {
			isa = PBXResourcesBuildPhase;
			buildActionMask = 2147483647;
			files = (
				18E8800D22DF87B700E2DCB9 /* LaunchScreen.storyboard in Resources */,
				18E8800A22DF87B700E2DCB9 /* Assets.xcassets in Resources */,
				18E8800522DF87B600E2DCB9 /* Main.storyboard in Resources */,
			);
			runOnlyForDeploymentPostprocessing = 0;
		};
/* End PBXResourcesBuildPhase section */

/* Begin PBXSourcesBuildPhase section */
		18E87FF822DF87B600E2DCB9 /* Sources */ = {
			isa = PBXSourcesBuildPhase;
			buildActionMask = 2147483647;
			files = (
				18E8800222DF87B600E2DCB9 /* ViewController.swift in Sources */,
				18EC916422DFB8C90089E0C3 /* embeddedMapViewController.swift in Sources */,
				18EC916C22DFD16B0089E0C3 /* TourStop.swift in Sources */,
				18EC916A22DFD11B0089E0C3 /* Tour1TableViewController.swift in Sources */,
				18E8800822DF87B600E2DCB9 /* finalProject.xcdatamodeld in Sources */,
				18E8801522DF954500E2DCB9 /* basicTour.swift in Sources */,
				18E8800022DF87B600E2DCB9 /* AppDelegate.swift in Sources */,
			);
			runOnlyForDeploymentPostprocessing = 0;
		};
/* End PBXSourcesBuildPhase section */

/* Begin PBXVariantGroup section */
		18E8800322DF87B600E2DCB9 /* Main.storyboard */ = {
			isa = PBXVariantGroup;
			children = (
				18E8800422DF87B600E2DCB9 /* Base */,
			);
			name = Main.storyboard;
			sourceTree = "<group>";
		};
		18E8800B22DF87B700E2DCB9 /* LaunchScreen.storyboard */ = {
			isa = PBXVariantGroup;
			children = (
				18E8800C22DF87B700E2DCB9 /* Base */,
			);
			name = LaunchScreen.storyboard;
			sourceTree = "<group>";
		};
/* End PBXVariantGroup section */

/* Begin XCBuildConfiguration section */
		18E8800F22DF87B700E2DCB9 /* Debug */ = {
			isa = XCBuildConfiguration;
			buildSettings = {
				ALWAYS_SEARCH_USER_PATHS = NO;
				CLANG_ANALYZER_NONNULL = YES;
				CLANG_ANALYZER_NUMBER_OBJECT_CONVERSION = YES_AGGRESSIVE;
				CLANG_CXX_LANGUAGE_STANDARD = "gnu++14";
				CLANG_CXX_LIBRARY = "libc++";
				CLANG_ENABLE_MODULES = YES;
				CLANG_ENABLE_OBJC_ARC = YES;
				CLANG_ENABLE_OBJC_WEAK = YES;
				CLANG_WARN_BLOCK_CAPTURE_AUTORELEASING = YES;
				CLANG_WARN_BOOL_CONVERSION = YES;
				CLANG_WARN_COMMA = YES;
				CLANG_WARN_CONSTANT_CONVERSION = YES;
				CLANG_WARN_DEPRECATED_OBJC_IMPLEMENTATIONS = YES;
				CLANG_WARN_DIRECT_OBJC_ISA_USAGE = YES_ERROR;
				CLANG_WARN_DOCUMENTATION_COMMENTS = YES;
				CLANG_WARN_EMPTY_BODY = YES;
				CLANG_WARN_ENUM_CONVERSION = YES;
				CLANG_WARN_INFINITE_RECURSION = YES;
				CLANG_WARN_INT_CONVERSION = YES;
				CLANG_WARN_NON_LITERAL_NULL_CONVERSION = YES;
				CLANG_WARN_OBJC_IMPLICIT_RETAIN_SELF = YES;
				CLANG_WARN_OBJC_LITERAL_CONVERSION = YES;
				CLANG_WARN_OBJC_ROOT_CLASS = YES_ERROR;
				CLANG_WARN_RANGE_LOOP_ANALYSIS = YES;
				CLANG_WARN_STRICT_PROTOTYPES = YES;
				CLANG_WARN_SUSPICIOUS_MOVE = YES;
				CLANG_WARN_UNGUARDED_AVAILABILITY = YES_AGGRESSIVE;
				CLANG_WARN_UNREACHABLE_CODE = YES;
				CLANG_WARN__DUPLICATE_METHOD_MATCH = YES;
				CODE_SIGN_IDENTITY = "iPhone Developer";
				COPY_PHASE_STRIP = NO;
				DEBUG_INFORMATION_FORMAT = dwarf;
				ENABLE_STRICT_OBJC_MSGSEND = YES;
				ENABLE_TESTABILITY = YES;
				GCC_C_LANGUAGE_STANDARD = gnu11;
				GCC_DYNAMIC_NO_PIC = NO;
				GCC_NO_COMMON_BLOCKS = YES;
				GCC_OPTIMIZATION_LEVEL = 0;
				GCC_PREPROCESSOR_DEFINITIONS = (
					"DEBUG=1",
					"$(inherited)",
				);
				GCC_WARN_64_TO_32_BIT_CONVERSION = YES;
				GCC_WARN_ABOUT_RETURN_TYPE = YES_ERROR;
				GCC_WARN_UNDECLARED_SELECTOR = YES;
				GCC_WARN_UNINITIALIZED_AUTOS = YES_AGGRESSIVE;
				GCC_WARN_UNUSED_FUNCTION = YES;
				GCC_WARN_UNUSED_VARIABLE = YES;
				IPHONEOS_DEPLOYMENT_TARGET = 12.2;
				MTL_ENABLE_DEBUG_INFO = INCLUDE_SOURCE;
				MTL_FAST_MATH = YES;
				ONLY_ACTIVE_ARCH = YES;
				SDKROOT = iphoneos;
				SWIFT_ACTIVE_COMPILATION_CONDITIONS = DEBUG;
				SWIFT_OPTIMIZATION_LEVEL = "-Onone";
			};
			name = Debug;
		};
		18E8801022DF87B700E2DCB9 /* Release */ = {
			isa = XCBuildConfiguration;
			buildSettings = {
				ALWAYS_SEARCH_USER_PATHS = NO;
				CLANG_ANALYZER_NONNULL = YES;
				CLANG_ANALYZER_NUMBER_OBJECT_CONVERSION = YES_AGGRESSIVE;
				CLANG_CXX_LANGUAGE_STANDARD = "gnu++14";
				CLANG_CXX_LIBRARY = "libc++";
				CLANG_ENABLE_MODULES = YES;
				CLANG_ENABLE_OBJC_ARC = YES;
				CLANG_ENABLE_OBJC_WEAK = YES;
				CLANG_WARN_BLOCK_CAPTURE_AUTORELEASING = YES;
				CLANG_WARN_BOOL_CONVERSION = YES;
				CLANG_WARN_COMMA = YES;
				CLANG_WARN_CONSTANT_CONVERSION = YES;
				CLANG_WARN_DEPRECATED_OBJC_IMPLEMENTATIONS = YES;
				CLANG_WARN_DIRECT_OBJC_ISA_USAGE = YES_ERROR;
				CLANG_WARN_DOCUMENTATION_COMMENTS = YES;
				CLANG_WARN_EMPTY_BODY = YES;
				CLANG_WARN_ENUM_CONVERSION = YES;
				CLANG_WARN_INFINITE_RECURSION = YES;
				CLANG_WARN_INT_CONVERSION = YES;
				CLANG_WARN_NON_LITERAL_NULL_CONVERSION = YES;
				CLANG_WARN_OBJC_IMPLICIT_RETAIN_SELF = YES;
				CLANG_WARN_OBJC_LITERAL_CONVERSION = YES;
				CLANG_WARN_OBJC_ROOT_CLASS = YES_ERROR;
				CLANG_WARN_RANGE_LOOP_ANALYSIS = YES;
				CLANG_WARN_STRICT_PROTOTYPES = YES;
				CLANG_WARN_SUSPICIOUS_MOVE = YES;
				CLANG_WARN_UNGUARDED_AVAILABILITY = YES_AGGRESSIVE;
				CLANG_WARN_UNREACHABLE_CODE = YES;
				CLANG_WARN__DUPLICATE_METHOD_MATCH = YES;
				CODE_SIGN_IDENTITY = "iPhone Developer";
				COPY_PHASE_STRIP = NO;
				DEBUG_INFORMATION_FORMAT = "dwarf-with-dsym";
				ENABLE_NS_ASSERTIONS = NO;
				ENABLE_STRICT_OBJC_MSGSEND = YES;
				GCC_C_LANGUAGE_STANDARD = gnu11;
				GCC_NO_COMMON_BLOCKS = YES;
				GCC_WARN_64_TO_32_BIT_CONVERSION = YES;
				GCC_WARN_ABOUT_RETURN_TYPE = YES_ERROR;
				GCC_WARN_UNDECLARED_SELECTOR = YES;
				GCC_WARN_UNINITIALIZED_AUTOS = YES_AGGRESSIVE;
				GCC_WARN_UNUSED_FUNCTION = YES;
				GCC_WARN_UNUSED_VARIABLE = YES;
				IPHONEOS_DEPLOYMENT_TARGET = 12.2;
				MTL_ENABLE_DEBUG_INFO = NO;
				MTL_FAST_MATH = YES;
				SDKROOT = iphoneos;
				SWIFT_COMPILATION_MODE = wholemodule;
				SWIFT_OPTIMIZATION_LEVEL = "-O";
				VALIDATE_PRODUCT = YES;
			};
			name = Release;
		};
		18E8801222DF87B700E2DCB9 /* Debug */ = {
			isa = XCBuildConfiguration;
			buildSettings = {
				ASSETCATALOG_COMPILER_APPICON_NAME = AppIcon;
				CODE_SIGN_STYLE = Automatic;
				DEVELOPMENT_TEAM = R6QYPSJJ9S;
				INFOPLIST_FILE = finalProject/Info.plist;
				LD_RUNPATH_SEARCH_PATHS = (
					"$(inherited)",
					"@executable_path/Frameworks",
				);
				PRODUCT_BUNDLE_IDENTIFIER = kwk.sanfrancisGO;
				PRODUCT_NAME = "$(TARGET_NAME)";
				SWIFT_VERSION = 5.0;
				TARGETED_DEVICE_FAMILY = "1,2";
			};
			name = Debug;
		};
		18E8801322DF87B700E2DCB9 /* Release */ = {
			isa = XCBuildConfiguration;
			buildSettings = {
				ASSETCATALOG_COMPILER_APPICON_NAME = AppIcon;
				CODE_SIGN_STYLE = Automatic;
				DEVELOPMENT_TEAM = R6QYPSJJ9S;
				INFOPLIST_FILE = finalProject/Info.plist;
				LD_RUNPATH_SEARCH_PATHS = (
					"$(inherited)",
					"@executable_path/Frameworks",
				);
				PRODUCT_BUNDLE_IDENTIFIER = kwk.sanfrancisGO;
				PRODUCT_NAME = "$(TARGET_NAME)";
				SWIFT_VERSION = 5.0;
				TARGETED_DEVICE_FAMILY = "1,2";
			};
			name = Release;
		};
/* End XCBuildConfiguration section */

/* Begin XCConfigurationList section */
		18E87FF722DF87B600E2DCB9 /* Build configuration list for PBXProject "finalProject" */ = {
			isa = XCConfigurationList;
			buildConfigurations = (
				18E8800F22DF87B700E2DCB9 /* Debug */,
				18E8801022DF87B700E2DCB9 /* Release */,
			);
			defaultConfigurationIsVisible = 0;
			defaultConfigurationName = Release;
		};
		18E8801122DF87B700E2DCB9 /* Build configuration list for PBXNativeTarget "finalProject" */ = {
			isa = XCConfigurationList;
			buildConfigurations = (
				18E8801222DF87B700E2DCB9 /* Debug */,
				18E8801322DF87B700E2DCB9 /* Release */,
			);
			defaultConfigurationIsVisible = 0;
			defaultConfigurationName = Release;
		};
/* End XCConfigurationList section */

/* Begin XCVersionGroup section */
		18E8800622DF87B600E2DCB9 /* finalProject.xcdatamodeld */ = {
			isa = XCVersionGroup;
			children = (
				18E8800722DF87B600E2DCB9 /* finalProject.xcdatamodel */,
			);
			currentVersion = 18E8800722DF87B600E2DCB9 /* finalProject.xcdatamodel */;
			path = finalProject.xcdatamodeld;
			sourceTree = "<group>";
			versionGroupType = wrapper.xcdatamodel;
		};
/* End XCVersionGroup section */
	};
	rootObject = 18E87FF422DF87B600E2DCB9 /* Project object */;
}
